{
  "name": "netlify-local-plugins",
  "version": "1.0.0",
  "lockfileVersion": 3,
  "requires": true,
  "packages": {
    "": {
      "name": "netlify-local-plugins",
      "version": "1.0.0",
      "license": "MIT",
      "dependencies": {
        "@netlify/plugin-nextjs": "5.11.6"
      }
    },
    "node_modules/@netlify/plugin-nextjs": {
      "version": "5.11.6",
      "resolved": "https://registry.npmjs.org/@netlify/plugin-nextjs/-/plugin-nextjs-5.11.6.tgz",
      "integrity": "sha512-F+HiQaUpISBmooALpwDULoCCwUhI6MugEEBstjuxOL2rh2ROFhK4abv87f4GxVXRSmw0AtXAp2eiP8vHcZ3NKQ==",
      "license": "MIT",
      "engines": {
        "node": ">=18.0.0"
      }
    }
  }
}
